
Microsoft Visual Studio Solution File, Format Version 12.00
# Visual Studio 15
VisualStudioVersion = 15.0.27130.2020
MinimumVisualStudioVersion = 10.0.40219.1
Project("{FAE04EC0-301F-11D3-BF4B-00C04F79EFBC}") = "NVEM.PostSharp", "NVEM.PostSharp\NVEM.PostSharp.csproj", "{DDCE77BD-B763-419C-BA62-6C7834E2190B}"
EndProject
Project("{FAE04EC0-301F-11D3-BF4B-00C04F79EFBC}") = "NVEM.UserInterface", "NVEM.UserInterface\NVEM.UserInterface.csproj", "{5B4BA3C6-91E2-4FB2-A4BB-2918988C9EE1}"
EndProject
Project("{FAE04EC0-301F-11D3-BF4B-00C04F79EFBC}") = "NVEM.Services", "NVEM.Services\NVEM.Services.csproj", "{E1B36F7B-8290-4EFF-9F16-DB7E056A38F0}"
EndProject
Project("{FAE04EC0-301F-11D3-BF4B-00C04F79EFBC}") = "NVEM.Common", "NVEM.Common\NVEM.Common.csproj", "{430C842E-67E6-4455-9FAD-A2C32C130024}"
EndProject
Project("{FAE04EC0-301F-11D3-BF4B-00C04F79EFBC}") = "NVEM.Repositories", "NVEM.Repositories\NVEM.Repositories.csproj", "{C65CA81E-3EA9-454A-94C0-074F5E66B81A}"
EndProject
Global
	GlobalSection(SolutionConfigurationPlatforms) = preSolution
		Debug|Any CPU = Debug|Any CPU
		Release|Any CPU = Release|Any CPU
	EndGlobalSection
	GlobalSection(ProjectConfigurationPlatforms) = postSolution
		{DDCE77BD-B763-419C-BA62-6C7834E2190B}.Debug|Any CPU.ActiveCfg = Debug|Any CPU
		{DDCE77BD-B763-419C-BA62-6C7834E2190B}.Debug|Any CPU.Build.0 = Debug|Any CPU
		{DDCE77BD-B763-419C-BA62-6C7834E2190B}.Release|Any CPU.ActiveCfg = Release|Any CPU
		{DDCE77BD-B763-419C-BA62-6C7834E2190B}.Release|Any CPU.Build.0 = Release|Any CPU
		{5B4BA3C6-91E2-4FB2-A4BB-2918988C9EE1}.Debug|Any CPU.ActiveCfg = Debug|Any CPU
		{5B4BA3C6-91E2-4FB2-A4BB-2918988C9EE1}.Debug|Any CPU.Build.0 = Debug|Any CPU
		{5B4BA3C6-91E2-4FB2-A4BB-2918988C9EE1}.Release|Any CPU.ActiveCfg = Release|Any CPU
		{5B4BA3C6-91E2-4FB2-A4BB-2918988C9EE1}.Release|Any CPU.Build.0 = Release|Any CPU
		{E1B36F7B-8290-4EFF-9F16-DB7E056A38F0}.Debug|Any CPU.ActiveCfg = Debug|Any CPU
		{E1B36F7B-8290-4EFF-9F16-DB7E056A38F0}.Debug|Any CPU.Build.0 = Debug|Any CPU
		{E1B36F7B-8290-4EFF-9F16-DB7E056A38F0}.Release|Any CPU.ActiveCfg = Release|Any CPU
		{E1B36F7B-8290-4EFF-9F16-DB7E056A38F0}.Release|Any CPU.Build.0 = Release|Any CPU
		{430C842E-67E6-4455-9FAD-A2C32C130024}.Debug|Any CPU.ActiveCfg = Debug|Any CPU
		{430C842E-67E6-4455-9FAD-A2C32C130024}.Debug|Any CPU.Build.0 = Debug|Any CPU
		{430C842E-67E6-4455-9FAD-A2C32C130024}.Release|Any CPU.ActiveCfg = Release|Any CPU
		{430C842E-67E6-4455-9FAD-A2C32C130024}.Release|Any CPU.Build.0 = Release|Any CPU
		{C65CA81E-3EA9-454A-94C0-074F5E66B81A}.Debug|Any CPU.ActiveCfg = Debug|Any CPU
		{C65CA81E-3EA9-454A-94C0-074F5E66B81A}.Debug|Any CPU.Build.0 = Debug|Any CPU
		{C65CA81E-3EA9-454A-94C0-074F5E66B81A}.Release|Any CPU.ActiveCfg = Release|Any CPU
		{C65CA81E-3EA9-454A-94C0-074F5E66B81A}.Release|Any CPU.Build.0 = Release|Any CPU
	EndGlobalSection
	GlobalSection(SolutionProperties) = preSolution
		HideSolutionNode = FALSE
	EndGlobalSection
	GlobalSection(ExtensibilityGlobals) = postSolution
		SolutionGuid = {D947F4E2-2A47-4671-B5B7-7AFA3C5CE3EB}
	EndGlobalSection
EndGlobal
